# This file is automatically @generated by Poetry and should not be changed by hand.

[[package]]
name = "add-trailing-comma"
version = "2.4.0"
description = "Automatically add trailing commas to calls and literals"
category = "dev"
optional = false
python-versions = ">=3.7"
files = [
    {file = "add_trailing_comma-2.4.0-py2.py3-none-any.whl", hash = "sha256:88fc66ddb7554b3519529f8e14d6c793d1ae66ccd2a7d0d5396a421d955eb521"},
    {file = "add_trailing_comma-2.4.0.tar.gz", hash = "sha256:76c0e8a95cb4c06a7d9182db61573bb5253a76ee3a2bd0126b481cc0b4871713"},
]

[package.dependencies]
tokenize-rt = ">=3.0.1"

[[package]]
name = "asgiref"
version = "3.5.2"
description = "ASGI specs, helper code, and adapters"
category = "main"
optional = false
python-versions = ">=3.7"
files = [
    {file = "asgiref-3.5.2-py3-none-any.whl", hash = "sha256:1d2880b792ae8757289136f1db2b7b99100ce959b2aa57fd69dab783d05afac4"},
    {file = "asgiref-3.5.2.tar.gz", hash = "sha256:4a29362a6acebe09bf1d6640db38c1dc3d9217c68e6f9f6204d72667fc19a424"},
]

[package.extras]
tests = ["mypy (>=0.800)", "pytest", "pytest-asyncio"]

[[package]]
name = "black"
version = "23.1.0"
description = "The uncompromising code formatter."
category = "dev"
optional = false
python-versions = ">=3.7"
files = [
    {file = "black-23.1.0-cp310-cp310-macosx_10_16_arm64.whl", hash = "sha256:b6a92a41ee34b883b359998f0c8e6eb8e99803aa8bf3123bf2b2e6fec505a221"},
    {file = "black-23.1.0-cp310-cp310-macosx_10_16_universal2.whl", hash = "sha256:57c18c5165c1dbe291d5306e53fb3988122890e57bd9b3dcb75f967f13411a26"},
    {file = "black-23.1.0-cp310-cp310-macosx_10_16_x86_64.whl", hash = "sha256:9880d7d419bb7e709b37e28deb5e68a49227713b623c72b2b931028ea65f619b"},
    {file = "black-23.1.0-cp310-cp310-manylinux_2_17_x86_64.manylinux2014_x86_64.whl", hash = "sha256:e6663f91b6feca5d06f2ccd49a10f254f9298cc1f7f49c46e498a0771b507104"},
    {file = "black-23.1.0-cp310-cp310-win_amd64.whl", hash = "sha256:9afd3f493666a0cd8f8df9a0200c6359ac53940cbde049dcb1a7eb6ee2dd7074"},
    {file = "black-23.1.0-cp311-cp311-macosx_10_16_arm64.whl", hash = "sha256:bfffba28dc52a58f04492181392ee380e95262af14ee01d4bc7bb1b1c6ca8d27"},
    {file = "black-23.1.0-cp311-cp311-macosx_10_16_universal2.whl", hash = "sha256:c1c476bc7b7d021321e7d93dc2cbd78ce103b84d5a4cf97ed535fbc0d6660648"},
    {file = "black-23.1.0-cp311-cp311-macosx_10_16_x86_64.whl", hash = "sha256:382998821f58e5c8238d3166c492139573325287820963d2f7de4d518bd76958"},
    {file = "black-23.1.0-cp311-cp311-manylinux_2_17_x86_64.manylinux2014_x86_64.whl", hash = "sha256:2bf649fda611c8550ca9d7592b69f0637218c2369b7744694c5e4902873b2f3a"},
    {file = "black-23.1.0-cp311-cp311-win_amd64.whl", hash = "sha256:121ca7f10b4a01fd99951234abdbd97728e1240be89fde18480ffac16503d481"},
    {file = "black-23.1.0-cp37-cp37m-macosx_10_16_x86_64.whl", hash = "sha256:a8471939da5e824b891b25751955be52ee7f8a30a916d570a5ba8e0f2eb2ecad"},
    {file = "black-23.1.0-cp37-cp37m-manylinux_2_17_x86_64.manylinux2014_x86_64.whl", hash = "sha256:8178318cb74f98bc571eef19068f6ab5613b3e59d4f47771582f04e175570ed8"},
    {file = "black-23.1.0-cp37-cp37m-win_amd64.whl", hash = "sha256:a436e7881d33acaf2536c46a454bb964a50eff59b21b51c6ccf5a40601fbef24"},
    {file = "black-23.1.0-cp38-cp38-macosx_10_16_arm64.whl", hash = "sha256:a59db0a2094d2259c554676403fa2fac3473ccf1354c1c63eccf7ae65aac8ab6"},
    {file = "black-23.1.0-cp38-cp38-macosx_10_16_universal2.whl", hash = "sha256:0052dba51dec07ed029ed61b18183942043e00008ec65d5028814afaab9a22fd"},
    {file = "black-23.1.0-cp38-cp38-macosx_10_16_x86_64.whl", hash = "sha256:49f7b39e30f326a34b5c9a4213213a6b221d7ae9d58ec70df1c4a307cf2a1580"},
    {file = "black-23.1.0-cp38-cp38-manylinux_2_17_x86_64.manylinux2014_x86_64.whl", hash = "sha256:162e37d49e93bd6eb6f1afc3e17a3d23a823042530c37c3c42eeeaf026f38468"},
    {file = "black-23.1.0-cp38-cp38-win_amd64.whl", hash = "sha256:8b70eb40a78dfac24842458476135f9b99ab952dd3f2dab738c1881a9b38b753"},
    {file = "black-23.1.0-cp39-cp39-macosx_10_16_arm64.whl", hash = "sha256:a29650759a6a0944e7cca036674655c2f0f63806ddecc45ed40b7b8aa314b651"},
    {file = "black-23.1.0-cp39-cp39-macosx_10_16_universal2.whl", hash = "sha256:bb460c8561c8c1bec7824ecbc3ce085eb50005883a6203dcfb0122e95797ee06"},
    {file = "black-23.1.0-cp39-cp39-macosx_10_16_x86_64.whl", hash = "sha256:c91dfc2c2a4e50df0026f88d2215e166616e0c80e86004d0003ece0488db2739"},
    {file = "black-23.1.0-cp39-cp39-manylinux_2_17_x86_64.manylinux2014_x86_64.whl", hash = "sha256:2a951cc83ab535d248c89f300eccbd625e80ab880fbcfb5ac8afb5f01a258ac9"},
    {file = "black-23.1.0-cp39-cp39-win_amd64.whl", hash = "sha256:0680d4380db3719ebcfb2613f34e86c8e6d15ffeabcf8ec59355c5e7b85bb555"},
    {file = "black-23.1.0-py3-none-any.whl", hash = "sha256:7a0f701d314cfa0896b9001df70a530eb2472babb76086344e688829efd97d32"},
    {file = "black-23.1.0.tar.gz", hash = "sha256:b0bd97bea8903f5a2ba7219257a44e3f1f9d00073d6cc1add68f0beec69692ac"},
]

[package.dependencies]
click = ">=8.0.0"
mypy-extensions = ">=0.4.3"
packaging = ">=22.0"
pathspec = ">=0.9.0"
platformdirs = ">=2"
tomli = {version = ">=1.1.0", markers = "python_version < \"3.11\""}

[package.extras]
colorama = ["colorama (>=0.4.3)"]
d = ["aiohttp (>=3.7.4)"]
jupyter = ["ipython (>=7.8.0)", "tokenize-rt (>=3.2.0)"]
uvloop = ["uvloop (>=0.15.2)"]

[[package]]
name = "click"
version = "8.1.3"
description = "Composable command line interface toolkit"
category = "dev"
optional = false
python-versions = ">=3.7"
files = [
    {file = "click-8.1.3-py3-none-any.whl", hash = "sha256:bb4d8133cb15a609f44e8213d9b391b0809795062913b383c62be0ee95b1db48"},
    {file = "click-8.1.3.tar.gz", hash = "sha256:7682dc8afb30297001674575ea00d1814d808d6a36af415a82bd481d37ba7b8e"},
]

[package.dependencies]
colorama = {version = "*", markers = "platform_system == \"Windows\""}

[[package]]
name = "colorama"
version = "0.4.6"
description = "Cross-platform colored terminal text."
category = "dev"
optional = false
python-versions = "!=3.0.*,!=3.1.*,!=3.2.*,!=3.3.*,!=3.4.*,!=3.5.*,!=3.6.*,>=2.7"
files = [
    {file = "colorama-0.4.6-py2.py3-none-any.whl", hash = "sha256:4f1d9991f5acc0ca119f9d443620b77f9d6b33703e51011c16baf57afb285fc6"},
    {file = "colorama-0.4.6.tar.gz", hash = "sha256:08695f5cb7ed6e0531a20572697297273c47b8cae5a63ffc6d6ed5c201be6e44"},
]

[[package]]
name = "django"
version = "4.1.7"
description = "A high-level Python web framework that encourages rapid development and clean, pragmatic design."
category = "main"
optional = false
python-versions = ">=3.8"
files = [
    {file = "Django-4.1.7-py3-none-any.whl", hash = "sha256:f2f431e75adc40039ace496ad3b9f17227022e8b11566f4b363da44c7e44761e"},
    {file = "Django-4.1.7.tar.gz", hash = "sha256:44f714b81c5f190d9d2ddad01a532fe502fa01c4cb8faf1d081f4264ed15dcd8"},
]

[package.dependencies]
asgiref = ">=3.5.2,<4"
sqlparse = ">=0.2.2"
tzdata = {version = "*", markers = "sys_platform == \"win32\""}

[package.extras]
argon2 = ["argon2-cffi (>=19.1.0)"]
bcrypt = ["bcrypt"]

[[package]]
name = "django-bootstrap5"
version = "22.2"
description = "Bootstrap 5 for Django"
category = "main"
optional = false
python-versions = ">=3.7"
files = [
    {file = "django-bootstrap5-22.2.tar.gz", hash = "sha256:e944f5ced342e0e16cde77e1ddacb4b9fd5bce4cc190df2f7da0b8e18a24c9cb"},
    {file = "django_bootstrap5-22.2-py3-none-any.whl", hash = "sha256:5d677bbfb94207c1a034d63a5f39d95ce287ef509e0b31dfb4d233cc81f93bcc"},
]

[package.dependencies]
Django = ">=3.2"

[[package]]
name = "django-countries"
version = "7.5.1"
description = "Provides a country field for Django models."
category = "main"
optional = false
python-versions = "*"
files = [
    {file = "django-countries-7.5.1.tar.gz", hash = "sha256:22915d9b9403932b731622619940a54894a3eb0da9a374e7249c8fc453c122d7"},
    {file = "django_countries-7.5.1-py3-none-any.whl", hash = "sha256:2df707aca7a5e677254bed116cf6021a136ebaccd5c2f46860abd6452bb45521"},
]

[package.dependencies]
asgiref = "*"
typing-extensions = "*"

[package.extras]
dev = ["black", "django", "djangorestframework", "graphene-django", "pytest", "pytest-django", "tox"]
maintainer = ["django", "transifex-client", "zest.releaser[recommended]"]
pyuca = ["pyuca"]
test = ["djangorestframework", "graphene-django", "pytest", "pytest-cov", "pytest-django"]

[[package]]
name = "django-debug-toolbar"
version = "3.8.1"
description = "A configurable set of panels that display various debug information about the current request/response."
category = "dev"
optional = false
python-versions = ">=3.7"
files = [
    {file = "django_debug_toolbar-3.8.1-py3-none-any.whl", hash = "sha256:879f8a4672d41621c06a4d322dcffa630fc4df056cada6e417ed01db0e5e0478"},
    {file = "django_debug_toolbar-3.8.1.tar.gz", hash = "sha256:24ef1a7d44d25e60d7951e378454c6509bf536dce7e7d9d36e7c387db499bc27"},
]

[package.dependencies]
django = ">=3.2.4"
sqlparse = ">=0.2"

[[package]]
name = "flake8"
version = "5.0.4"
description = "the modular source code checker: pep8 pyflakes and co"
category = "dev"
optional = false
python-versions = ">=3.6.1"
files = [
    {file = "flake8-5.0.4-py2.py3-none-any.whl", hash = "sha256:7a1cf6b73744f5806ab95e526f6f0d8c01c66d7bbe349562d22dfca20610b248"},
    {file = "flake8-5.0.4.tar.gz", hash = "sha256:6fbe320aad8d6b95cec8b8e47bc933004678dc63095be98528b7bdd2a9f510db"},
]

[package.dependencies]
mccabe = ">=0.7.0,<0.8.0"
pycodestyle = ">=2.9.0,<2.10.0"
pyflakes = ">=2.5.0,<2.6.0"

[[package]]
name = "flake8-black"
version = "0.3.6"
description = "flake8 plugin to call black as a code style validator"
category = "dev"
optional = false
python-versions = ">=3.7"
files = [
    {file = "flake8-black-0.3.6.tar.gz", hash = "sha256:0dfbca3274777792a5bcb2af887a4cad72c72d0e86c94e08e3a3de151bb41c34"},
    {file = "flake8_black-0.3.6-py3-none-any.whl", hash = "sha256:fe8ea2eca98d8a504f22040d9117347f6b367458366952862ac3586e7d4eeaca"},
]

[package.dependencies]
black = ">=22.1.0"
flake8 = ">=3"
tomli = {version = "*", markers = "python_version < \"3.11\""}

[package.extras]
develop = ["build", "twine"]

[[package]]
name = "flake8-coding"
version = "1.3.2"
description = "Adds coding magic comment checks to flake8"
category = "dev"
optional = false
python-versions = "*"
files = [
    {file = "flake8-coding-1.3.2.tar.gz", hash = "sha256:b8f4d5157a8f74670e6cfea732c3d9f4291a4e994c8701d2c55f787c6e6cb741"},
    {file = "flake8_coding-1.3.2-py2.py3-none-any.whl", hash = "sha256:79704112c44d09d4ab6c8965e76a20c3f7073d52146db60303bce777d9612260"},
]

[package.dependencies]
flake8 = "*"

[[package]]
name = "flake8-isort"
version = "5.0.3"
description = "flake8 plugin that integrates isort ."
category = "dev"
optional = false
python-versions = ">=3.7"
files = [
    {file = "flake8-isort-5.0.3.tar.gz", hash = "sha256:0951398c343c67f4933407adbbfb495d4df7c038650c5d05753a006efcfeb390"},
    {file = "flake8_isort-5.0.3-py3-none-any.whl", hash = "sha256:8c4ab431d87780d0c8336e9614e50ef11201bc848ef64ca017532dec39d4bf49"},
]

[package.dependencies]
flake8 = "*"
isort = ">=4.3.5,<6"

[package.extras]
test = ["pytest"]

[[package]]
name = "flake8-quotes"
version = "3.3.2"
description = "Flake8 lint for quotes."
category = "dev"
optional = false
python-versions = "*"
files = [
    {file = "flake8-quotes-3.3.2.tar.gz", hash = "sha256:6e26892b632dacba517bf27219c459a8396dcfac0f5e8204904c5a4ba9b480e1"},
]

[package.dependencies]
flake8 = "*"

[[package]]
name = "isort"
version = "5.12.0"
description = "A Python utility / library to sort Python imports."
category = "dev"
optional = false
python-versions = ">=3.8.0"
files = [
    {file = "isort-5.12.0-py3-none-any.whl", hash = "sha256:f84c2818376e66cf843d497486ea8fed8700b340f308f076c6fb1229dff318b6"},
    {file = "isort-5.12.0.tar.gz", hash = "sha256:8bef7dde241278824a6d83f44a544709b065191b95b6e50894bdc722fcba0504"},
]

[package.extras]
colors = ["colorama (>=0.4.3)"]
pipfile-deprecated-finder = ["pip-shims (>=0.5.2)", "pipreqs", "requirementslib"]
plugins = ["setuptools"]
requirements-deprecated-finder = ["pip-api", "pipreqs"]

[[package]]
name = "mccabe"
version = "0.7.0"
description = "McCabe checker, plugin for flake8"
category = "dev"
optional = false
python-versions = ">=3.6"
files = [
    {file = "mccabe-0.7.0-py2.py3-none-any.whl", hash = "sha256:6c2d30ab6be0e4a46919781807b4f0d834ebdd6c6e3dca0bda5a15f863427b6e"},
    {file = "mccabe-0.7.0.tar.gz", hash = "sha256:348e0240c33b60bbdf4e523192ef919f28cb2c3d7d5c7794f74009290f236325"},
]

[[package]]
name = "mypy-extensions"
version = "0.4.3"
description = "Experimental type system extensions for programs checked with the mypy typechecker."
category = "dev"
optional = false
python-versions = "*"
files = [
    {file = "mypy_extensions-0.4.3-py2.py3-none-any.whl", hash = "sha256:090fedd75945a69ae91ce1303b5824f428daf5a028d2f6ab8a299250a846f15d"},
    {file = "mypy_extensions-0.4.3.tar.gz", hash = "sha256:2d82818f5bb3e369420cb3c4060a7970edba416647068eb4c5343488a6c604a8"},
]

[[package]]
name = "packaging"
version = "23.0"
description = "Core utilities for Python packages"
category = "dev"
optional = false
python-versions = ">=3.7"
files = [
    {file = "packaging-23.0-py3-none-any.whl", hash = "sha256:714ac14496c3e68c99c29b00845f7a2b85f3bb6f1078fd9f72fd20f0570002b2"},
    {file = "packaging-23.0.tar.gz", hash = "sha256:b6ad297f8907de0fa2fe1ccbd26fdaf387f5f47c7275fedf8cce89f99446cf97"},
]

[[package]]
name = "pathspec"
version = "0.10.1"
description = "Utility library for gitignore style pattern matching of file paths."
category = "dev"
optional = false
python-versions = ">=3.7"
files = [
    {file = "pathspec-0.10.1-py3-none-any.whl", hash = "sha256:46846318467efc4556ccfd27816e004270a9eeeeb4d062ce5e6fc7a87c573f93"},
    {file = "pathspec-0.10.1.tar.gz", hash = "sha256:7ace6161b621d31e7902eb6b5ae148d12cfd23f4a249b9ffb6b9fee12084323d"},
]

[[package]]
name = "platformdirs"
version = "2.5.2"
description = "A small Python module for determining appropriate platform-specific dirs, e.g. a \"user data dir\"."
category = "dev"
optional = false
python-versions = ">=3.7"
files = [
    {file = "platformdirs-2.5.2-py3-none-any.whl", hash = "sha256:027d8e83a2d7de06bbac4e5ef7e023c02b863d7ea5d079477e722bb41ab25788"},
    {file = "platformdirs-2.5.2.tar.gz", hash = "sha256:58c8abb07dcb441e6ee4b11d8df0ac856038f944ab98b7be6b27b2a3c7feef19"},
]

[package.extras]
docs = ["furo (>=2021.7.5b38)", "proselint (>=0.10.2)", "sphinx (>=4)", "sphinx-autodoc-typehints (>=1.12)"]
test = ["appdirs (==1.4.4)", "pytest (>=6)", "pytest-cov (>=2.7)", "pytest-mock (>=3.6)"]

[[package]]
name = "pycodestyle"
version = "2.9.1"
description = "Python style guide checker"
category = "dev"
optional = false
python-versions = ">=3.6"
files = [
    {file = "pycodestyle-2.9.1-py2.py3-none-any.whl", hash = "sha256:d1735fc58b418fd7c5f658d28d943854f8a849b01a5d0a1e6f3f3fdd0166804b"},
    {file = "pycodestyle-2.9.1.tar.gz", hash = "sha256:2c9607871d58c76354b697b42f5d57e1ada7d261c261efac224b664affdc5785"},
]

[[package]]
name = "pyflakes"
version = "2.5.0"
description = "passive checker of Python programs"
category = "dev"
optional = false
python-versions = ">=3.6"
files = [
    {file = "pyflakes-2.5.0-py2.py3-none-any.whl", hash = "sha256:4579f67d887f804e67edb544428f264b7b24f435b263c4614f384135cea553d2"},
    {file = "pyflakes-2.5.0.tar.gz", hash = "sha256:491feb020dca48ccc562a8c0cbe8df07ee13078df59813b83959cbdada312ea3"},
]

[[package]]
name = "sqlparse"
version = "0.4.3"
description = "A non-validating SQL parser."
category = "main"
optional = false
python-versions = ">=3.5"
files = [
    {file = "sqlparse-0.4.3-py3-none-any.whl", hash = "sha256:0323c0ec29cd52bceabc1b4d9d579e311f3e4961b98d174201d5622a23b85e34"},
    {file = "sqlparse-0.4.3.tar.gz", hash = "sha256:69ca804846bb114d2ec380e4360a8a340db83f0ccf3afceeb1404df028f57268"},
]

[[package]]
name = "tokenize-rt"
version = "5.0.0"
description = "A wrapper around the stdlib `tokenize` which roundtrips."
category = "dev"
optional = false
python-versions = ">=3.7"
files = [
    {file = "tokenize_rt-5.0.0-py2.py3-none-any.whl", hash = "sha256:c67772c662c6b3dc65edf66808577968fb10badfc2042e3027196bed4daf9e5a"},
    {file = "tokenize_rt-5.0.0.tar.gz", hash = "sha256:3160bc0c3e8491312d0485171dea861fc160a240f5f5766b72a1165408d10740"},
]

[[package]]
name = "tomli"
version = "2.0.1"
description = "A lil' TOML parser"
category = "dev"
optional = false
python-versions = ">=3.7"
files = [
    {file = "tomli-2.0.1-py3-none-any.whl", hash = "sha256:939de3e7a6161af0c887ef91b7d41a53e7c5a1ca976325f429cb46ea9bc30ecc"},
    {file = "tomli-2.0.1.tar.gz", hash = "sha256:de526c12914f0c550d15924c62d72abc48d6fe7364aa87328337a31007fe8a4f"},
]

[[package]]
name = "typing-extensions"
version = "4.4.0"
description = "Backported and Experimental Type Hints for Python 3.7+"
category = "main"
optional = false
python-versions = ">=3.7"
files = [
    {file = "typing_extensions-4.4.0-py3-none-any.whl", hash = "sha256:16fa4864408f655d35ec496218b85f79b3437c829e93320c7c9215ccfd92489e"},
    {file = "typing_extensions-4.4.0.tar.gz", hash = "sha256:1511434bb92bf8dd198c12b1cc812e800d4181cfcb867674e0f8279cc93087aa"},
]

[[package]]
name = "tzdata"
version = "2022.6"
description = "Provider of IANA time zone data"
category = "main"
optional = false
python-versions = ">=2"
files = [
    {file = "tzdata-2022.6-py2.py3-none-any.whl", hash = "sha256:04a680bdc5b15750c39c12a448885a51134a27ec9af83667663f0b3a1bf3f342"},
    {file = "tzdata-2022.6.tar.gz", hash = "sha256:91f11db4503385928c15598c98573e3af07e7229181bee5375bd30f1695ddcae"},
]

[metadata]
lock-version = "2.0"
python-versions = "^3.10"
content-hash = "0a95e6cec580bf185eb2eae289d2bcc839f631718bce01021469ff0f97cd5aa6"
